
Microsoft Visual Studio Solution File, Format Version 12.00
# Visual Studio 14
VisualStudioVersion = 14.0.25420.1
MinimumVisualStudioVersion = 10.0.40219.1
Project("{FAE04EC0-301F-11D3-BF4B-00C04F79EFBC}") = "Excercise1", "Excercise1\Excercise1.csproj", "{26DC0D67-8AC1-4494-8179-FC88F527B869}"
EndProject
Project("{FAE04EC0-301F-11D3-BF4B-00C04F79EFBC}") = "Excercise2", "Excercise2\Excercise2.csproj", "{132A8C7E-80D4-4164-B7A0-56479FB15044}"
EndProject
Global
	GlobalSection(SolutionConfigurationPlatforms) = preSolution
		Debug|Any CPU = Debug|Any CPU
		Release|Any CPU = Release|Any CPU
	EndGlobalSection
	GlobalSection(ProjectConfigurationPlatforms) = postSolution
		{26DC0D67-8AC1-4494-8179-FC88F527B869}.Debug|Any CPU.ActiveCfg = Debug|Any CPU
		{26DC0D67-8AC1-4494-8179-FC88F527B869}.Debug|Any CPU.Build.0 = Debug|Any CPU
		{26DC0D67-8AC1-4494-8179-FC88F527B869}.Release|Any CPU.ActiveCfg = Release|Any CPU
		{26DC0D67-8AC1-4494-8179-FC88F527B869}.Release|Any CPU.Build.0 = Release|Any CPU
		{132A8C7E-80D4-4164-B7A0-56479FB15044}.Debug|Any CPU.ActiveCfg = Debug|Any CPU
		{132A8C7E-80D4-4164-B7A0-56479FB15044}.Debug|Any CPU.Build.0 = Debug|Any CPU
		{132A8C7E-80D4-4164-B7A0-56479FB15044}.Release|Any CPU.ActiveCfg = Release|Any CPU
		{132A8C7E-80D4-4164-B7A0-56479FB15044}.Release|Any CPU.Build.0 = Release|Any CPU
	EndGlobalSection
	GlobalSection(SolutionProperties) = preSolution
		HideSolutionNode = FALSE
	EndGlobalSection
EndGlobal
